// !$*UTF8*$!
{
	archiveVersion = 1;
	classes = {
	};
	objectVersion = 50;
	objects = {

/* Begin PBXBuildFile section */
		0F50741426A323BE007E3A10 /* NoItemView.swift in Sources */ = {isa = PBXBuildFile; fileRef = 0F50741326A323BE007E3A10 /* NoItemView.swift */; };
		0FAC5B4226A2BFF800EF6F71 /* TodoListApp.swift in Sources */ = {isa = PBXBuildFile; fileRef = 0FAC5B4126A2BFF800EF6F71 /* TodoListApp.swift */; };
		0FAC5B4626A2BFFA00EF6F71 /* Assets.xcassets in Resources */ = {isa = PBXBuildFile; fileRef = 0FAC5B4526A2BFFA00EF6F71 /* Assets.xcassets */; };
		0FAC5B4926A2BFFA00EF6F71 /* Preview Assets.xcassets in Resources */ = {isa = PBXBuildFile; fileRef = 0FAC5B4826A2BFFA00EF6F71 /* Preview Assets.xcassets */; };
		0FAC5B5426A2BFFA00EF6F71 /* TodoListTests.swift in Sources */ = {isa = PBXBuildFile; fileRef = 0FAC5B5326A2BFFA00EF6F71 /* TodoListTests.swift */; };
		0FAC5B5F26A2BFFA00EF6F71 /* TodoListUITests.swift in Sources */ = {isa = PBXBuildFile; fileRef = 0FAC5B5E26A2BFFA00EF6F71 /* TodoListUITests.swift */; };
		0FAC5B6E26A2C08800EF6F71 /* ListView.swift in Sources */ = {isa = PBXBuildFile; fileRef = 0FAC5B6D26A2C08800EF6F71 /* ListView.swift */; };
		0FAC5B7026A2C1C900EF6F71 /* ListRowView.swift in Sources */ = {isa = PBXBuildFile; fileRef = 0FAC5B6F26A2C1C900EF6F71 /* ListRowView.swift */; };
		0FAC5B7226A2C46300EF6F71 /* AddView.swift in Sources */ = {isa = PBXBuildFile; fileRef = 0FAC5B7126A2C46300EF6F71 /* AddView.swift */; };
		0FAC5B7626A2F5F000EF6F71 /* ItemModel.swift in Sources */ = {isa = PBXBuildFile; fileRef = 0FAC5B7526A2F5F000EF6F71 /* ItemModel.swift */; };
		0FAC5B7826A2FCC400EF6F71 /* ListViewModel.swift in Sources */ = {isa = PBXBuildFile; fileRef = 0FAC5B7726A2FCC400EF6F71 /* ListViewModel.swift */; };
/* End PBXBuildFile section */

/* Begin PBXContainerItemProxy section */
		0FAC5B5026A2BFFA00EF6F71 /* PBXContainerItemProxy */ = {
			isa = PBXContainerItemProxy;
			containerPortal = 0FAC5B3626A2BFF800EF6F71 /* Project object */;
			proxyType = 1;
			remoteGlobalIDString = 0FAC5B3D26A2BFF800EF6F71;
			remoteInfo = TodoList;
		};
		0FAC5B5B26A2BFFA00EF6F71 /* PBXContainerItemProxy */ = {
			isa = PBXContainerItemProxy;
			containerPortal = 0FAC5B3626A2BFF800EF6F71 /* Project object */;
			proxyType = 1;
			remoteGlobalIDString = 0FAC5B3D26A2BFF800EF6F71;
			remoteInfo = TodoList;
		};
/* End PBXContainerItemProxy section */

/* Begin PBXFileReference section */
		0F50741326A323BE007E3A10 /* NoItemView.swift */ = {isa = PBXFileReference; lastKnownFileType = sourcecode.swift; path = NoItemView.swift; sourceTree = "<group>"; };
		0FAC5B3E26A2BFF800EF6F71 /* TodoList.app */ = {isa = PBXFileReference; explicitFileType = wrapper.application; includeInIndex = 0; path = TodoList.app; sourceTree = BUILT_PRODUCTS_DIR; };
		0FAC5B4126A2BFF800EF6F71 /* TodoListApp.swift */ = {isa = PBXFileReference; lastKnownFileType = sourcecode.swift; path = TodoListApp.swift; sourceTree = "<group>"; };
		0FAC5B4526A2BFFA00EF6F71 /* Assets.xcassets */ = {isa = PBXFileReference; lastKnownFileType = folder.assetcatalog; path = Assets.xcassets; sourceTree = "<group>"; };
		0FAC5B4826A2BFFA00EF6F71 /* Preview Assets.xcassets */ = {isa = PBXFileReference; lastKnownFileType = folder.assetcatalog; path = "Preview Assets.xcassets"; sourceTree = "<group>"; };
		0FAC5B4A26A2BFFA00EF6F71 /* Info.plist */ = {isa = PBXFileReference; lastKnownFileType = text.plist.xml; path = Info.plist; sourceTree = "<group>"; };
		0FAC5B4F26A2BFFA00EF6F71 /* TodoListTests.xctest */ = {isa = PBXFileReference; explicitFileType = wrapper.cfbundle; includeInIndex = 0; path = TodoListTests.xctest; sourceTree = BUILT_PRODUCTS_DIR; };
		0FAC5B5326A2BFFA00EF6F71 /* TodoListTests.swift */ = {isa = PBXFileReference; lastKnownFileType = sourcecode.swift; path = TodoListTests.swift; sourceTree = "<group>"; };
		0FAC5B5526A2BFFA00EF6F71 /* Info.plist */ = {isa = PBXFileReference; lastKnownFileType = text.plist.xml; path = Info.plist; sourceTree = "<group>"; };
		0FAC5B5A26A2BFFA00EF6F71 /* TodoListUITests.xctest */ = {isa = PBXFileReference; explicitFileType = wrapper.cfbundle; includeInIndex = 0; path = TodoListUITests.xctest; sourceTree = BUILT_PRODUCTS_DIR; };
		0FAC5B5E26A2BFFA00EF6F71 /* TodoListUITests.swift */ = {isa = PBXFileReference; lastKnownFileType = sourcecode.swift; path = TodoListUITests.swift; sourceTree = "<group>"; };
		0FAC5B6026A2BFFA00EF6F71 /* Info.plist */ = {isa = PBXFileReference; lastKnownFileType = text.plist.xml; path = Info.plist; sourceTree = "<group>"; };
		0FAC5B6D26A2C08800EF6F71 /* ListView.swift */ = {isa = PBXFileReference; lastKnownFileType = sourcecode.swift; path = ListView.swift; sourceTree = SOURCE_ROOT; };
		0FAC5B6F26A2C1C900EF6F71 /* ListRowView.swift */ = {isa = PBXFileReference; lastKnownFileType = sourcecode.swift; path = ListRowView.swift; sourceTree = "<group>"; };
		0FAC5B7126A2C46300EF6F71 /* AddView.swift */ = {isa = PBXFileReference; lastKnownFileType = sourcecode.swift; path = AddView.swift; sourceTree = "<group>"; };
		0FAC5B7526A2F5F000EF6F71 /* ItemModel.swift */ = {isa = PBXFileReference; lastKnownFileType = sourcecode.swift; path = ItemModel.swift; sourceTree = "<group>"; };
		0FAC5B7726A2FCC400EF6F71 /* ListViewModel.swift */ = {isa = PBXFileReference; lastKnownFileType = sourcecode.swift; path = ListViewModel.swift; sourceTree = "<group>"; };
/* End PBXFileReference section */

/* Begin PBXFrameworksBuildPhase section */
		0FAC5B3B26A2BFF800EF6F71 /* Frameworks */ = {
			isa = PBXFrameworksBuildPhase;
			buildActionMask = 2147483647;
			files = (
			);
			runOnlyForDeploymentPostprocessing = 0;
		};
		0FAC5B4C26A2BFFA00EF6F71 /* Frameworks */ = {
			isa = PBXFrameworksBuildPhase;
			buildActionMask = 2147483647;
			files = (
			);
			runOnlyForDeploymentPostprocessing = 0;
		};
		0FAC5B5726A2BFFA00EF6F71 /* Frameworks */ = {
			isa = PBXFrameworksBuildPhase;
			buildActionMask = 2147483647;
			files = (
			);
			runOnlyForDeploymentPostprocessing = 0;
		};
/* End PBXFrameworksBuildPhase section */

/* Begin PBXGroup section */
		0FAC5B3526A2BFF800EF6F71 = {
			isa = PBXGroup;
			children = (
				0FAC5B4026A2BFF800EF6F71 /* TodoList */,
				0FAC5B5226A2BFFA00EF6F71 /* TodoListTests */,
				0FAC5B5D26A2BFFA00EF6F71 /* TodoListUITests */,
				0FAC5B3F26A2BFF800EF6F71 /* Products */,
			);
			sourceTree = "<group>";
		};
		0FAC5B3F26A2BFF800EF6F71 /* Products */ = {
			isa = PBXGroup;
			children = (
				0FAC5B3E26A2BFF800EF6F71 /* TodoList.app */,
				0FAC5B4F26A2BFFA00EF6F71 /* TodoListTests.xctest */,
				0FAC5B5A26A2BFFA00EF6F71 /* TodoListUITests.xctest */,
			);
			name = Products;
			sourceTree = "<group>";
		};
		0FAC5B4026A2BFF800EF6F71 /* TodoList */ = {
			isa = PBXGroup;
			children = (
				0FAC5B4126A2BFF800EF6F71 /* TodoListApp.swift */,
				0FAC5B7426A2F56C00EF6F71 /* Model */,
				0FAC5B7326A2F56300EF6F71 /* ViewModel */,
				0FAC5B6C26A2C07D00EF6F71 /* View */,
				0FAC5B4526A2BFFA00EF6F71 /* Assets.xcassets */,
				0FAC5B4A26A2BFFA00EF6F71 /* Info.plist */,
				0FAC5B4726A2BFFA00EF6F71 /* Preview Content */,
			);
			path = TodoList;
			sourceTree = "<group>";
		};
		0FAC5B4726A2BFFA00EF6F71 /* Preview Content */ = {
			isa = PBXGroup;
			children = (
				0FAC5B4826A2BFFA00EF6F71 /* Preview Assets.xcassets */,
			);
			path = "Preview Content";
			sourceTree = "<group>";
		};
		0FAC5B5226A2BFFA00EF6F71 /* TodoListTests */ = {
			isa = PBXGroup;
			children = (
				0FAC5B5326A2BFFA00EF6F71 /* TodoListTests.swift */,
				0FAC5B5526A2BFFA00EF6F71 /* Info.plist */,
			);
			path = TodoListTests;
			sourceTree = "<group>";
		};
		0FAC5B5D26A2BFFA00EF6F71 /* TodoListUITests */ = {
			isa = PBXGroup;
			children = (
				0FAC5B5E26A2BFFA00EF6F71 /* TodoListUITests.swift */,
				0FAC5B6026A2BFFA00EF6F71 /* Info.plist */,
			);
			path = TodoListUITests;
			sourceTree = "<group>";
		};
		0FAC5B6C26A2C07D00EF6F71 /* View */ = {
			isa = PBXGroup;
			children = (
				0FAC5B6D26A2C08800EF6F71 /* ListView.swift */,
				0FAC5B6F26A2C1C900EF6F71 /* ListRowView.swift */,
				0FAC5B7126A2C46300EF6F71 /* AddView.swift */,
				0F50741326A323BE007E3A10 /* NoItemView.swift */,
			);
			path = View;
			sourceTree = "<group>";
		};
		0FAC5B7326A2F56300EF6F71 /* ViewModel */ = {
			isa = PBXGroup;
			children = (
				0FAC5B7726A2FCC400EF6F71 /* ListViewModel.swift */,
			);
			path = ViewModel;
			sourceTree = "<group>";
		};
		0FAC5B7426A2F56C00EF6F71 /* Model */ = {
			isa = PBXGroup;
			children = (
				0FAC5B7526A2F5F000EF6F71 /* ItemModel.swift */,
			);
			path = Model;
			sourceTree = "<group>";
		};
/* End PBXGroup section */

/* Begin PBXNativeTarget section */
		0FAC5B3D26A2BFF800EF6F71 /* TodoList */ = {
			isa = PBXNativeTarget;
			buildConfigurationList = 0FAC5B6326A2BFFA00EF6F71 /* Build configuration list for PBXNativeTarget "TodoList" */;
			buildPhases = (
				0FAC5B3A26A2BFF800EF6F71 /* Sources */,
				0FAC5B3B26A2BFF800EF6F71 /* Frameworks */,
				0FAC5B3C26A2BFF800EF6F71 /* Resources */,
			);
			buildRules = (
			);
			dependencies = (
			);
			name = TodoList;
			productName = TodoList;
			productReference = 0FAC5B3E26A2BFF800EF6F71 /* TodoList.app */;
			productType = "com.apple.product-type.application";
		};
		0FAC5B4E26A2BFFA00EF6F71 /* TodoListTests */ = {
			isa = PBXNativeTarget;
			buildConfigurationList = 0FAC5B6626A2BFFA00EF6F71 /* Build configuration list for PBXNativeTarget "TodoListTests" */;
			buildPhases = (
				0FAC5B4B26A2BFFA00EF6F71 /* Sources */,
				0FAC5B4C26A2BFFA00EF6F71 /* Frameworks */,
				0FAC5B4D26A2BFFA00EF6F71 /* Resources */,
			);
			buildRules = (
			);
			dependencies = (
				0FAC5B5126A2BFFA00EF6F71 /* PBXTargetDependency */,
			);
			name = TodoListTests;
			productName = TodoListTests;
			productReference = 0FAC5B4F26A2BFFA00EF6F71 /* TodoListTests.xctest */;
			productType = "com.apple.product-type.bundle.unit-test";
		};
		0FAC5B5926A2BFFA00EF6F71 /* TodoListUITests */ = {
			isa = PBXNativeTarget;
			buildConfigurationList = 0FAC5B6926A2BFFA00EF6F71 /* Build configuration list for PBXNativeTarget "TodoListUITests" */;
			buildPhases = (
				0FAC5B5626A2BFFA00EF6F71 /* Sources */,
				0FAC5B5726A2BFFA00EF6F71 /* Frameworks */,
				0FAC5B5826A2BFFA00EF6F71 /* Resources */,
			);
			buildRules = (
			);
			dependencies = (
				0FAC5B5C26A2BFFA00EF6F71 /* PBXTargetDependency */,
			);
			name = TodoListUITests;
			productName = TodoListUITests;
			productReference = 0FAC5B5A26A2BFFA00EF6F71 /* TodoListUITests.xctest */;
			productType = "com.apple.product-type.bundle.ui-testing";
		};
/* End PBXNativeTarget section */

/* Begin PBXProject section */
		0FAC5B3626A2BFF800EF6F71 /* Project object */ = {
			isa = PBXProject;
			attributes = {
				LastSwiftUpdateCheck = 1250;
				LastUpgradeCheck = 1250;
				TargetAttributes = {
					0FAC5B3D26A2BFF800EF6F71 = {
						CreatedOnToolsVersion = 12.5.1;
					};
					0FAC5B4E26A2BFFA00EF6F71 = {
						CreatedOnToolsVersion = 12.5.1;
						TestTargetID = 0FAC5B3D26A2BFF800EF6F71;
					};
					0FAC5B5926A2BFFA00EF6F71 = {
						CreatedOnToolsVersion = 12.5.1;
						TestTargetID = 0FAC5B3D26A2BFF800EF6F71;
					};
				};
			};
			buildConfigurationList = 0FAC5B3926A2BFF800EF6F71 /* Build configuration list for PBXProject "TodoList" */;
			compatibilityVersion = "Xcode 9.3";
			developmentRegion = en;
			hasScannedForEncodings = 0;
			knownRegions = (
				en,
				Base,
			);
			mainGroup = 0FAC5B3526A2BFF800EF6F71;
			productRefGroup = 0FAC5B3F26A2BFF800EF6F71 /* Products */;
			projectDirPath = "";
			projectRoot = "";
			targets = (
				0FAC5B3D26A2BFF800EF6F71 /* TodoList */,
				0FAC5B4E26A2BFFA00EF6F71 /* TodoListTests */,
				0FAC5B5926A2BFFA00EF6F71 /* TodoListUITests */,
			);
		};
/* End PBXProject section */

/* Begin PBXResourcesBuildPhase section */
		0FAC5B3C26A2BFF800EF6F71 /* Resources */ = {
			isa = PBXResourcesBuildPhase;
			buildActionMask = 2147483647;
			files = (
				0FAC5B4926A2BFFA00EF6F71 /* Preview Assets.xcassets in Resources */,
				0FAC5B4626A2BFFA00EF6F71 /* Assets.xcassets in Resources */,
			);
			runOnlyForDeploymentPostprocessing = 0;
		};
		0FAC5B4D26A2BFFA00EF6F71 /* Resources */ = {
			isa = PBXResourcesBuildPhase;
			buildActionMask = 2147483647;
			files = (
			);
			runOnlyForDeploymentPostprocessing = 0;
		};
		0FAC5B5826A2BFFA00EF6F71 /* Resources */ = {
			isa = PBXResourcesBuildPhase;
			buildActionMask = 2147483647;
			files = (
			);
			runOnlyForDeploymentPostprocessing = 0;
		};
/* End PBXResourcesBuildPhase section */

/* Begin PBXSourcesBuildPhase section */
		0FAC5B3A26A2BFF800EF6F71 /* Sources */ = {
			isa = PBXSourcesBuildPhase;
			buildActionMask = 2147483647;
			files = (
				0FAC5B7626A2F5F000EF6F71 /* ItemModel.swift in Sources */,
				0F50741426A323BE007E3A10 /* NoItemView.swift in Sources */,
				0FAC5B7226A2C46300EF6F71 /* AddView.swift in Sources */,
				0FAC5B7826A2FCC400EF6F71 /* ListViewModel.swift in Sources */,
				0FAC5B4226A2BFF800EF6F71 /* TodoListApp.swift in Sources */,
				0FAC5B6E26A2C08800EF6F71 /* ListView.swift in Sources */,
				0FAC5B7026A2C1C900EF6F71 /* ListRowView.swift in Sources */,
			);
			runOnlyForDeploymentPostprocessing = 0;
		};
		0FAC5B4B26A2BFFA00EF6F71 /* Sources */ = {
			isa = PBXSourcesBuildPhase;
			buildActionMask = 2147483647;
			files = (
				0FAC5B5426A2BFFA00EF6F71 /* TodoListTests.swift in Sources */,
			);
			runOnlyForDeploymentPostprocessing = 0;
		};
		0FAC5B5626A2BFFA00EF6F71 /* Sources */ = {
			isa = PBXSourcesBuildPhase;
			buildActionMask = 2147483647;
			files = (
				0FAC5B5F26A2BFFA00EF6F71 /* TodoListUITests.swift in Sources */,
			);
			runOnlyForDeploymentPostprocessing = 0;
		};
/* End PBXSourcesBuildPhase section */

/* Begin PBXTargetDependency section */
		0FAC5B5126A2BFFA00EF6F71 /* PBXTargetDependency */ = {
			isa = PBXTargetDependency;
			target = 0FAC5B3D26A2BFF800EF6F71 /* TodoList */;
			targetProxy = 0FAC5B5026A2BFFA00EF6F71 /* PBXContainerItemProxy */;
		};
		0FAC5B5C26A2BFFA00EF6F71 /* PBXTargetDependency */ = {
			isa = PBXTargetDependency;
			target = 0FAC5B3D26A2BFF800EF6F71 /* TodoList */;
			targetProxy = 0FAC5B5B26A2BFFA00EF6F71 /* PBXContainerItemProxy */;
		};
/* End PBXTargetDependency section */

/* Begin XCBuildConfiguration section */
		0FAC5B6126A2BFFA00EF6F71 /* Debug */ = {
			isa = XCBuildConfiguration;
			buildSettings = {
				ALWAYS_SEARCH_USER_PATHS = NO;
				CLANG_ANALYZER_NONNULL = YES;
				CLANG_ANALYZER_NUMBER_OBJECT_CONVERSION = YES_AGGRESSIVE;
				CLANG_CXX_LANGUAGE_STANDARD = "gnu++14";
				CLANG_CXX_LIBRARY = "libc++";
				CLANG_ENABLE_MODULES = YES;
				CLANG_ENABLE_OBJC_ARC = YES;
				CLANG_ENABLE_OBJC_WEAK = YES;
				CLANG_WARN_BLOCK_CAPTURE_AUTORELEASING = YES;
				CLANG_WARN_BOOL_CONVERSION = YES;
				CLANG_WARN_COMMA = YES;
				CLANG_WARN_CONSTANT_CONVERSION = YES;
				CLANG_WARN_DEPRECATED_OBJC_IMPLEMENTATIONS = YES;
				CLANG_WARN_DIRECT_OBJC_ISA_USAGE = YES_ERROR;
				CLANG_WARN_DOCUMENTATION_COMMENTS = YES;
				CLANG_WARN_EMPTY_BODY = YES;
				CLANG_WARN_ENUM_CONVERSION = YES;
				CLANG_WARN_INFINITE_RECURSION = YES;
				CLANG_WARN_INT_CONVERSION = YES;
				CLANG_WARN_NON_LITERAL_NULL_CONVERSION = YES;
				CLANG_WARN_OBJC_IMPLICIT_RETAIN_SELF = YES;
				CLANG_WARN_OBJC_LITERAL_CONVERSION = YES;
				CLANG_WARN_OBJC_ROOT_CLASS = YES_ERROR;
				CLANG_WARN_QUOTED_INCLUDE_IN_FRAMEWORK_HEADER = YES;
				CLANG_WARN_RANGE_LOOP_ANALYSIS = YES;
				CLANG_WARN_STRICT_PROTOTYPES = YES;
				CLANG_WARN_SUSPICIOUS_MOVE = YES;
				CLANG_WARN_UNGUARDED_AVAILABILITY = YES_AGGRESSIVE;
				CLANG_WARN_UNREACHABLE_CODE = YES;
				CLANG_WARN__DUPLICATE_METHOD_MATCH = YES;
				COPY_PHASE_STRIP = NO;
				DEBUG_INFORMATION_FORMAT = dwarf;
				ENABLE_STRICT_OBJC_MSGSEND = YES;
				ENABLE_TESTABILITY = YES;
				GCC_C_LANGUAGE_STANDARD = gnu11;
				GCC_DYNAMIC_NO_PIC = NO;
				GCC_NO_COMMON_BLOCKS = YES;
				GCC_OPTIMIZATION_LEVEL = 0;
				GCC_PREPROCESSOR_DEFINITIONS = (
					"DEBUG=1",
					"$(inherited)",
				);
				GCC_WARN_64_TO_32_BIT_CONVERSION = YES;
				GCC_WARN_ABOUT_RETURN_TYPE = YES_ERROR;
				GCC_WARN_UNDECLARED_SELECTOR = YES;
				GCC_WARN_UNINITIALIZED_AUTOS = YES_AGGRESSIVE;
				GCC_WARN_UNUSED_FUNCTION = YES;
				GCC_WARN_UNUSED_VARIABLE = YES;
				IPHONEOS_DEPLOYMENT_TARGET = 14.5;
				MTL_ENABLE_DEBUG_INFO = INCLUDE_SOURCE;
				MTL_FAST_MATH = YES;
				ONLY_ACTIVE_ARCH = YES;
				SDKROOT = iphoneos;
				SWIFT_ACTIVE_COMPILATION_CONDITIONS = DEBUG;
				SWIFT_OPTIMIZATION_LEVEL = "-Onone";
			};
			name = Debug;
		};
		0FAC5B6226A2BFFA00EF6F71 /* Release */ = {
			isa = XCBuildConfiguration;
			buildSettings = {
				ALWAYS_SEARCH_USER_PATHS = NO;
				CLANG_ANALYZER_NONNULL = YES;
				CLANG_ANALYZER_NUMBER_OBJECT_CONVERSION = YES_AGGRESSIVE;
				CLANG_CXX_LANGUAGE_STANDARD = "gnu++14";
				CLANG_CXX_LIBRARY = "libc++";
				CLANG_ENABLE_MODULES = YES;
				CLANG_ENABLE_OBJC_ARC = YES;
				CLANG_ENABLE_OBJC_WEAK = YES;
				CLANG_WARN_BLOCK_CAPTURE_AUTORELEASING = YES;
				CLANG_WARN_BOOL_CONVERSION = YES;
				CLANG_WARN_COMMA = YES;
				CLANG_WARN_CONSTANT_CONVERSION = YES;
				CLANG_WARN_DEPRECATED_OBJC_IMPLEMENTATIONS = YES;
				CLANG_WARN_DIRECT_OBJC_ISA_USAGE = YES_ERROR;
				CLANG_WARN_DOCUMENTATION_COMMENTS = YES;
				CLANG_WARN_EMPTY_BODY = YES;
				CLANG_WARN_ENUM_CONVERSION = YES;
				CLANG_WARN_INFINITE_RECURSION = YES;
				CLANG_WARN_INT_CONVERSION = YES;
				CLANG_WARN_NON_LITERAL_NULL_CONVERSION = YES;
				CLANG_WARN_OBJC_IMPLICIT_RETAIN_SELF = YES;
				CLANG_WARN_OBJC_LITERAL_CONVERSION = YES;
				CLANG_WARN_OBJC_ROOT_CLASS = YES_ERROR;
				CLANG_WARN_QUOTED_INCLUDE_IN_FRAMEWORK_HEADER = YES;
				CLANG_WARN_RANGE_LOOP_ANALYSIS = YES;
				CLANG_WARN_STRICT_PROTOTYPES = YES;
				CLANG_WARN_SUSPICIOUS_MOVE = YES;
				CLANG_WARN_UNGUARDED_AVAILABILITY = YES_AGGRESSIVE;
				CLANG_WARN_UNREACHABLE_CODE = YES;
				CLANG_WARN__DUPLICATE_METHOD_MATCH = YES;
				COPY_PHASE_STRIP = NO;
				DEBUG_INFORMATION_FORMAT = "dwarf-with-dsym";
				ENABLE_NS_ASSERTIONS = NO;
				ENABLE_STRICT_OBJC_MSGSEND = YES;
				GCC_C_LANGUAGE_STANDARD = gnu11;
				GCC_NO_COMMON_BLOCKS = YES;
				GCC_WARN_64_TO_32_BIT_CONVERSION = YES;
				GCC_WARN_ABOUT_RETURN_TYPE = YES_ERROR;
				GCC_WARN_UNDECLARED_SELECTOR = YES;
				GCC_WARN_UNINITIALIZED_AUTOS = YES_AGGRESSIVE;
				GCC_WARN_UNUSED_FUNCTION = YES;
				GCC_WARN_UNUSED_VARIABLE = YES;
				IPHONEOS_DEPLOYMENT_TARGET = 14.5;
				MTL_ENABLE_DEBUG_INFO = NO;
				MTL_FAST_MATH = YES;
				SDKROOT = iphoneos;
				SWIFT_COMPILATION_MODE = wholemodule;
				SWIFT_OPTIMIZATION_LEVEL = "-O";
				VALIDATE_PRODUCT = YES;
			};
			name = Release;
		};
		0FAC5B6426A2BFFA00EF6F71 /* Debug */ = {
			isa = XCBuildConfiguration;
			buildSettings = {
				ASSETCATALOG_COMPILER_APPICON_NAME = AppIcon;
				ASSETCATALOG_COMPILER_GLOBAL_ACCENT_COLOR_NAME = AccentColor;
				CODE_SIGN_STYLE = Automatic;
				DEVELOPMENT_ASSET_PATHS = "\"TodoList/Preview Content\"";
				ENABLE_PREVIEWS = YES;
				INFOPLIST_FILE = TodoList/Info.plist;
				IPHONEOS_DEPLOYMENT_TARGET = 14.0;
				LD_RUNPATH_SEARCH_PATHS = (
					"$(inherited)",
					"@executable_path/Frameworks",
				);
				PRODUCT_BUNDLE_IDENTIFIER = com.CaffeineShawn.TodoList;
				PRODUCT_NAME = "$(TARGET_NAME)";
				SWIFT_VERSION = 5.0;
				TARGETED_DEVICE_FAMILY = "1,2";
			};
			name = Debug;
		};
		0FAC5B6526A2BFFA00EF6F71 /* Release */ = {
			isa = XCBuildConfiguration;
			buildSettings = {
				ASSETCATALOG_COMPILER_APPICON_NAME = AppIcon;
				ASSETCATALOG_COMPILER_GLOBAL_ACCENT_COLOR_NAME = AccentColor;
				CODE_SIGN_STYLE = Automatic;
				DEVELOPMENT_ASSET_PATHS = "\"TodoList/Preview Content\"";
				ENABLE_PREVIEWS = YES;
				INFOPLIST_FILE = TodoList/Info.plist;
				IPHONEOS_DEPLOYMENT_TARGET = 14.0;
				LD_RUNPATH_SEARCH_PATHS = (
					"$(inherited)",
					"@executable_path/Frameworks",
				);
				PRODUCT_BUNDLE_IDENTIFIER = com.CaffeineShawn.TodoList;
				PRODUCT_NAME = "$(TARGET_NAME)";
				SWIFT_VERSION = 5.0;
				TARGETED_DEVICE_FAMILY = "1,2";
			};
			name = Release;
		};
		0FAC5B6726A2BFFA00EF6F71 /* Debug */ = {
			isa = XCBuildConfiguration;
			buildSettings = {
				ALWAYS_EMBED_SWIFT_STANDARD_LIBRARIES = YES;
				BUNDLE_LOADER = "$(TEST_HOST)";
				CODE_SIGN_STYLE = Automatic;
				INFOPLIST_FILE = TodoListTests/Info.plist;
				IPHONEOS_DEPLOYMENT_TARGET = 14.0;
				LD_RUNPATH_SEARCH_PATHS = (
					"$(inherited)",
					"@executable_path/Frameworks",
					"@loader_path/Frameworks",
				);
				PRODUCT_BUNDLE_IDENTIFIER = com.CaffeineShawn.TodoListTests;
				PRODUCT_NAME = "$(TARGET_NAME)";
				SWIFT_VERSION = 5.0;
				TARGETED_DEVICE_FAMILY = "1,2";
				TEST_HOST = "$(BUILT_PRODUCTS_DIR)/TodoList.app/TodoList";
			};
			name = Debug;
		};
		0FAC5B6826A2BFFA00EF6F71 /* Release */ = {
			isa = XCBuildConfiguration;
			buildSettings = {
				ALWAYS_EMBED_SWIFT_STANDARD_LIBRARIES = YES;
				BUNDLE_LOADER = "$(TEST_HOST)";
				CODE_SIGN_STYLE = Automatic;
				INFOPLIST_FILE = TodoListTests/Info.plist;
				IPHONEOS_DEPLOYMENT_TARGET = 14.0;
				LD_RUNPATH_SEARCH_PATHS = (
					"$(inherited)",
					"@executable_path/Frameworks",
					"@loader_path/Frameworks",
				);
				PRODUCT_BUNDLE_IDENTIFIER = com.CaffeineShawn.TodoListTests;
				PRODUCT_NAME = "$(TARGET_NAME)";
				SWIFT_VERSION = 5.0;
				TARGETED_DEVICE_FAMILY = "1,2";
				TEST_HOST = "$(BUILT_PRODUCTS_DIR)/TodoList.app/TodoList";
			};
			name = Release;
		};
		0FAC5B6A26A2BFFA00EF6F71 /* Debug */ = {
			isa = XCBuildConfiguration;
			buildSettings = {
				ALWAYS_EMBED_SWIFT_STANDARD_LIBRARIES = YES;
				CODE_SIGN_STYLE = Automatic;
				INFOPLIST_FILE = TodoListUITests/Info.plist;
				LD_RUNPATH_SEARCH_PATHS = (
					"$(inherited)",
					"@executable_path/Frameworks",
					"@loader_path/Frameworks",
				);
				PRODUCT_BUNDLE_IDENTIFIER = com.CaffeineShawn.TodoListUITests;
				PRODUCT_NAME = "$(TARGET_NAME)";
				SWIFT_VERSION = 5.0;
				TARGETED_DEVICE_FAMILY = "1,2";
				TEST_TARGET_NAME = TodoList;
			};
			name = Debug;
		};
		0FAC5B6B26A2BFFA00EF6F71 /* Release */ = {
			isa = XCBuildConfiguration;
			buildSettings = {
				ALWAYS_EMBED_SWIFT_STANDARD_LIBRARIES = YES;
				CODE_SIGN_STYLE = Automatic;
				INFOPLIST_FILE = TodoListUITests/Info.plist;
				LD_RUNPATH_SEARCH_PATHS = (
					"$(inherited)",
					"@executable_path/Frameworks",
					"@loader_path/Frameworks",
				);
				PRODUCT_BUNDLE_IDENTIFIER = com.CaffeineShawn.TodoListUITests;
				PRODUCT_NAME = "$(TARGET_NAME)";
				SWIFT_VERSION = 5.0;
				TARGETED_DEVICE_FAMILY = "1,2";
				TEST_TARGET_NAME = TodoList;
			};
			name = Release;
		};
/* End XCBuildConfiguration section */

/* Begin XCConfigurationList section */
		0FAC5B3926A2BFF800EF6F71 /* Build configuration list for PBXProject "TodoList" */ = {
			isa = XCConfigurationList;
			buildConfigurations = (
				0FAC5B6126A2BFFA00EF6F71 /* Debug */,
				0FAC5B6226A2BFFA00EF6F71 /* Release */,
			);
			defaultConfigurationIsVisible = 0;
			defaultConfigurationName = Release;
		};
		0FAC5B6326A2BFFA00EF6F71 /* Build configuration list for PBXNativeTarget "TodoList" */ = {
			isa = XCConfigurationList;
			buildConfigurations = (
				0FAC5B6426A2BFFA00EF6F71 /* Debug */,
				0FAC5B6526A2BFFA00EF6F71 /* Release */,
			);
			defaultConfigurationIsVisible = 0;
			defaultConfigurationName = Release;
		};
		0FAC5B6626A2BFFA00EF6F71 /* Build configuration list for PBXNativeTarget "TodoListTests" */ = {
			isa = XCConfigurationList;
			buildConfigurations = (
				0FAC5B6726A2BFFA00EF6F71 /* Debug */,
				0FAC5B6826A2BFFA00EF6F71 /* Release */,
			);
			defaultConfigurationIsVisible = 0;
			defaultConfigurationName = Release;
		};
		0FAC5B6926A2BFFA00EF6F71 /* Build configuration list for PBXNativeTarget "TodoListUITests" */ = {
			isa = XCConfigurationList;
			buildConfigurations = (
				0FAC5B6A26A2BFFA00EF6F71 /* Debug */,
				0FAC5B6B26A2BFFA00EF6F71 /* Release */,
			);
			defaultConfigurationIsVisible = 0;
			defaultConfigurationName = Release;
		};
/* End XCConfigurationList section */
	};
	rootObject = 0FAC5B3626A2BFF800EF6F71 /* Project object */;
}
